Microsoft Visual Studio Solution File, Format Version 12.00
# Visual Studio Version 17
VisualStudioVersion = 17.5.2.0
MinimumVisualStudioVersion = 10.0.40219.1
Project("{FAE04EC0-301F-11D3-BF4B-00C04F79EFBC}") = "InvenTrack.Api", "InvenTrack.Api.csproj", "{34177865-9406-9F60-E965-ACBD4A45028D}"
EndProject
Global
	GlobalSection(SolutionConfigurationPlatforms) = preSolution
		Debug|Any CPU = Debug|Any CPU
		Release|Any CPU = Release|Any CPU
	EndGlobalSection
	GlobalSection(ProjectConfigurationPlatforms) = postSolution
		{34177865-9406-9F60-E965-ACBD4A45028D}.Debug|Any CPU.ActiveCfg = Debug|Any CPU
		{34177865-9406-9F60-E965-ACBD4A45028D}.Debug|Any CPU.Build.0 = Debug|Any CPU
		{34177865-9406-9F60-E965-ACBD4A45028D}.Release|Any CPU.ActiveCfg = Release|Any CPU
		{34177865-9406-9F60-E965-ACBD4A45028D}.Release|Any CPU.Build.0 = Release|Any CPU
	EndGlobalSection
	GlobalSection(SolutionProperties) = preSolution
		HideSolutionNode = FALSE
	EndGlobalSection
	GlobalSection(ExtensibilityGlobals) = postSolution
		SolutionGuid = {CFE98CD4-28B6-47B5-81B5-ACE5120150A1}
	EndGlobalSection
EndGlobal
